<Solution>
  <Folder Name="/src/">
    <Project Path="src/FindMyPrompter.Api/FindMyPrompter.Api.csproj" />
    <Project Path="src/FindMyPrompter.Application/FindMyPrompter.Application.csproj" />
    <Project Path="src/FindMyPrompter.Domain/FindMyPrompter.Domain.csproj" />
    <Project Path="src/FindMyPrompter.Infrastructure/FindMyPrompter.Infrastructure.csproj" />
  </Folder>
  <Folder Name="/tests/">
    <Project Path="tests/FindMyPrompter.Api.IntegrationTests/FindMyPrompter.Api.IntegrationTests.csproj" />
  </Folder>
</Solution>
